
Microsoft Visual Studio Solution File, Format Version 12.00
# Visual Studio Version 17
VisualStudioVersion = 17.4.33110.190
MinimumVisualStudioVersion = 10.0.40219.1
Project("{8BC9CEB8-8B4A-11D0-8D11-00A0C91BC942}") = "Utility", "Utility\Utility.vcxproj", "{970F2167-5CCD-4D4F-A94A-47108D56BF6B}"
EndProject
Project("{8BC9CEB8-8B4A-11D0-8D11-00A0C91BC942}") = "Unit Testing", "Unit Testing\Unit Testing.vcxproj", "{E415B850-868D-4FBD-9289-842658E5711C}"
EndProject
Project("{8BC9CEB8-8B4A-11D0-8D11-00A0C91BC942}") = "Static Neural Net", "Static Neural Net\Static Neural Net.vcxproj", "{B173CBC4-F8D5-4542-ACCC-48BCDDCA8D9F}"
EndProject
Project("{8BC9CEB8-8B4A-11D0-8D11-00A0C91BC942}") = "Neural Model", "Neural Model\Neural Model.vcxproj", "{2A23D32E-0BFE-4C58-A818-A1831609D930}"
EndProject
Project("{2150E333-8FDC-42A3-9474-1A3956D46DE8}") = "Files", "Files", "{42320133-DC6B-461B-B464-4C4066FEA59B}"
	ProjectSection(SolutionItems) = preProject
		.clang-format = .clang-format
		.gitattributes = .gitattributes
		.gitignore = .gitignore
		README.md = README.md
	EndProjectSection
EndProject
Project("{8BC9CEB8-8B4A-11D0-8D11-00A0C91BC942}") = "Plotting", "Plotting\Plotting.vcxproj", "{5933CF29-1468-415E-A347-5D20095802E5}"
EndProject
Project("{8BC9CEB8-8B4A-11D0-8D11-00A0C91BC942}") = "c4_game", "Connect Four\Connect Four.vcxproj", "{2B774405-58EF-4621-BFDF-B2F241F2DA13}"
EndProject
Project("{888888A0-9F3D-457C-B088-3A5042F75D52}") = "Python Plotting", "Python Plotting\Python Plotting.pyproj", "{E8DEF235-51FF-4970-B991-E02EDFD18E49}"
EndProject
Project("{8BC9CEB8-8B4A-11D0-8D11-00A0C91BC942}") = "Database Connection", "Database Connection\Database Connection.vcxproj", "{00828D8B-AFE0-48B4-8869-14A2CD1181DA}"
EndProject
Project("{8BC9CEB8-8B4A-11D0-8D11-00A0C91BC942}") = "Monte Carlo Tree Search", "Monte Carlo Tree Search\Monte Carlo Tree Search.vcxproj", "{94D578D9-B64F-4CBA-9E09-DFDA526C1E81}"
EndProject
Project("{8BC9CEB8-8B4A-11D0-8D11-00A0C91BC942}") = "Minimax Tree Search", "Minimax Tree Search\Minimax Tree Search.vcxproj", "{B89665FC-1686-4A49-B16A-1F50A74F48C3}"
EndProject
Global
	GlobalSection(SolutionConfigurationPlatforms) = preSolution
		Debug|Any CPU = Debug|Any CPU
		Debug|x64 = Debug|x64
		Debug|x86 = Debug|x86
		Release_ASan|Any CPU = Release_ASan|Any CPU
		Release_ASan|x64 = Release_ASan|x64
		Release_ASan|x86 = Release_ASan|x86
		Release_Clang_LLVM|Any CPU = Release_Clang_LLVM|Any CPU
		Release_Clang_LLVM|x64 = Release_Clang_LLVM|x64
		Release_Clang_LLVM|x86 = Release_Clang_LLVM|x86
		Release_Intel_2022|Any CPU = Release_Intel_2022|Any CPU
		Release_Intel_2022|x64 = Release_Intel_2022|x64
		Release_Intel_2022|x86 = Release_Intel_2022|x86
		Release_Intel|Any CPU = Release_Intel|Any CPU
		Release_Intel|x64 = Release_Intel|x64
		Release_Intel|x86 = Release_Intel|x86
		Release_LLVM-Clang|Any CPU = Release_LLVM-Clang|Any CPU
		Release_LLVM-Clang|x64 = Release_LLVM-Clang|x64
		Release_LLVM-Clang|x86 = Release_LLVM-Clang|x86
		Release|Any CPU = Release|Any CPU
		Release|x64 = Release|x64
		Release|x86 = Release|x86
	EndGlobalSection
	GlobalSection(ProjectConfigurationPlatforms) = postSolution
		{970F2167-5CCD-4D4F-A94A-47108D56BF6B}.Debug|Any CPU.ActiveCfg = Debug|x64
		{970F2167-5CCD-4D4F-A94A-47108D56BF6B}.Debug|Any CPU.Build.0 = Debug|x64
		{970F2167-5CCD-4D4F-A94A-47108D56BF6B}.Debug|x64.ActiveCfg = Debug|x64
		{970F2167-5CCD-4D4F-A94A-47108D56BF6B}.Debug|x64.Build.0 = Debug|x64
		{970F2167-5CCD-4D4F-A94A-47108D56BF6B}.Debug|x86.ActiveCfg = Debug|Win32
		{970F2167-5CCD-4D4F-A94A-47108D56BF6B}.Debug|x86.Build.0 = Debug|Win32
		{970F2167-5CCD-4D4F-A94A-47108D56BF6B}.Release_ASan|Any CPU.ActiveCfg = Release_LLVM-Clang|x64
		{970F2167-5CCD-4D4F-A94A-47108D56BF6B}.Release_ASan|Any CPU.Build.0 = Release_LLVM-Clang|x64
		{970F2167-5CCD-4D4F-A94A-47108D56BF6B}.Release_ASan|x64.ActiveCfg = Release_LLVM-Clang|x64
		{970F2167-5CCD-4D4F-A94A-47108D56BF6B}.Release_ASan|x64.Build.0 = Release_LLVM-Clang|x64
		{970F2167-5CCD-4D4F-A94A-47108D56BF6B}.Release_ASan|x86.ActiveCfg = Release_LLVM-Clang|Win32
		{970F2167-5CCD-4D4F-A94A-47108D56BF6B}.Release_ASan|x86.Build.0 = Release_LLVM-Clang|Win32
		{970F2167-5CCD-4D4F-A94A-47108D56BF6B}.Release_Clang_LLVM|Any CPU.ActiveCfg = Release_LLVM-Clang|x64
		{970F2167-5CCD-4D4F-A94A-47108D56BF6B}.Release_Clang_LLVM|Any CPU.Build.0 = Release_LLVM-Clang|x64
		{970F2167-5CCD-4D4F-A94A-47108D56BF6B}.Release_Clang_LLVM|x64.ActiveCfg = Release_LLVM-Clang|x64
		{970F2167-5CCD-4D4F-A94A-47108D56BF6B}.Release_Clang_LLVM|x64.Build.0 = Release_LLVM-Clang|x64
		{970F2167-5CCD-4D4F-A94A-47108D56BF6B}.Release_Clang_LLVM|x86.ActiveCfg = Release_LLVM-Clang|Win32
		{970F2167-5CCD-4D4F-A94A-47108D56BF6B}.Release_Clang_LLVM|x86.Build.0 = Release_LLVM-Clang|Win32
		{970F2167-5CCD-4D4F-A94A-47108D56BF6B}.Release_Intel_2022|Any CPU.ActiveCfg = Release_LLVM-Clang|x64
		{970F2167-5CCD-4D4F-A94A-47108D56BF6B}.Release_Intel_2022|Any CPU.Build.0 = Release_LLVM-Clang|x64
		{970F2167-5CCD-4D4F-A94A-47108D56BF6B}.Release_Intel_2022|x64.ActiveCfg = Release_LLVM-Clang|x64
		{970F2167-5CCD-4D4F-A94A-47108D56BF6B}.Release_Intel_2022|x64.Build.0 = Release_LLVM-Clang|x64
		{970F2167-5CCD-4D4F-A94A-47108D56BF6B}.Release_Intel_2022|x86.ActiveCfg = Release_LLVM-Clang|Win32
		{970F2167-5CCD-4D4F-A94A-47108D56BF6B}.Release_Intel_2022|x86.Build.0 = Release_LLVM-Clang|Win32
		{970F2167-5CCD-4D4F-A94A-47108D56BF6B}.Release_Intel|Any CPU.ActiveCfg = Release_Intel|x64
		{970F2167-5CCD-4D4F-A94A-47108D56BF6B}.Release_Intel|Any CPU.Build.0 = Release_Intel|x64
		{970F2167-5CCD-4D4F-A94A-47108D56BF6B}.Release_Intel|x64.ActiveCfg = Release_Intel|x64
		{970F2167-5CCD-4D4F-A94A-47108D56BF6B}.Release_Intel|x64.Build.0 = Release_Intel|x64
		{970F2167-5CCD-4D4F-A94A-47108D56BF6B}.Release_Intel|x86.ActiveCfg = Release_Intel|Win32
		{970F2167-5CCD-4D4F-A94A-47108D56BF6B}.Release_Intel|x86.Build.0 = Release_Intel|Win32
		{970F2167-5CCD-4D4F-A94A-47108D56BF6B}.Release_LLVM-Clang|Any CPU.ActiveCfg = Release_LLVM-Clang|x64
		{970F2167-5CCD-4D4F-A94A-47108D56BF6B}.Release_LLVM-Clang|Any CPU.Build.0 = Release_LLVM-Clang|x64
		{970F2167-5CCD-4D4F-A94A-47108D56BF6B}.Release_LLVM-Clang|x64.ActiveCfg = Release_LLVM-Clang|x64
		{970F2167-5CCD-4D4F-A94A-47108D56BF6B}.Release_LLVM-Clang|x64.Build.0 = Release_LLVM-Clang|x64
		{970F2167-5CCD-4D4F-A94A-47108D56BF6B}.Release_LLVM-Clang|x86.ActiveCfg = Release_LLVM-Clang|Win32
		{970F2167-5CCD-4D4F-A94A-47108D56BF6B}.Release_LLVM-Clang|x86.Build.0 = Release_LLVM-Clang|Win32
		{970F2167-5CCD-4D4F-A94A-47108D56BF6B}.Release|Any CPU.ActiveCfg = Release|x64
		{970F2167-5CCD-4D4F-A94A-47108D56BF6B}.Release|Any CPU.Build.0 = Release|x64
		{970F2167-5CCD-4D4F-A94A-47108D56BF6B}.Release|x64.ActiveCfg = Release|x64
		{970F2167-5CCD-4D4F-A94A-47108D56BF6B}.Release|x64.Build.0 = Release|x64
		{970F2167-5CCD-4D4F-A94A-47108D56BF6B}.Release|x86.ActiveCfg = Release|Win32
		{970F2167-5CCD-4D4F-A94A-47108D56BF6B}.Release|x86.Build.0 = Release|Win32
		{E415B850-868D-4FBD-9289-842658E5711C}.Debug|Any CPU.ActiveCfg = Debug|x64
		{E415B850-868D-4FBD-9289-842658E5711C}.Debug|Any CPU.Build.0 = Debug|x64
		{E415B850-868D-4FBD-9289-842658E5711C}.Debug|x64.ActiveCfg = Debug|x64
		{E415B850-868D-4FBD-9289-842658E5711C}.Debug|x64.Build.0 = Debug|x64
		{E415B850-868D-4FBD-9289-842658E5711C}.Debug|x86.ActiveCfg = Debug|Win32
		{E415B850-868D-4FBD-9289-842658E5711C}.Debug|x86.Build.0 = Debug|Win32
		{E415B850-868D-4FBD-9289-842658E5711C}.Release_ASan|Any CPU.ActiveCfg = Release_LLVM-Clang|x64
		{E415B850-868D-4FBD-9289-842658E5711C}.Release_ASan|Any CPU.Build.0 = Release_LLVM-Clang|x64
		{E415B850-868D-4FBD-9289-842658E5711C}.Release_ASan|x64.ActiveCfg = Release_LLVM-Clang|x64
		{E415B850-868D-4FBD-9289-842658E5711C}.Release_ASan|x64.Build.0 = Release_LLVM-Clang|x64
		{E415B850-868D-4FBD-9289-842658E5711C}.Release_ASan|x86.ActiveCfg = Release_LLVM-Clang|Win32
		{E415B850-868D-4FBD-9289-842658E5711C}.Release_ASan|x86.Build.0 = Release_LLVM-Clang|Win32
		{E415B850-868D-4FBD-9289-842658E5711C}.Release_Clang_LLVM|Any CPU.ActiveCfg = Release_LLVM-Clang|x64
		{E415B850-868D-4FBD-9289-842658E5711C}.Release_Clang_LLVM|Any CPU.Build.0 = Release_LLVM-Clang|x64
		{E415B850-868D-4FBD-9289-842658E5711C}.Release_Clang_LLVM|x64.ActiveCfg = Release_LLVM-Clang|x64
		{E415B850-868D-4FBD-9289-842658E5711C}.Release_Clang_LLVM|x64.Build.0 = Release_LLVM-Clang|x64
		{E415B850-868D-4FBD-9289-842658E5711C}.Release_Clang_LLVM|x86.ActiveCfg = Release_LLVM-Clang|Win32
		{E415B850-868D-4FBD-9289-842658E5711C}.Release_Clang_LLVM|x86.Build.0 = Release_LLVM-Clang|Win32
		{E415B850-868D-4FBD-9289-842658E5711C}.Release_Intel_2022|Any CPU.ActiveCfg = Release_LLVM-Clang|x64
		{E415B850-868D-4FBD-9289-842658E5711C}.Release_Intel_2022|Any CPU.Build.0 = Release_LLVM-Clang|x64
		{E415B850-868D-4FBD-9289-842658E5711C}.Release_Intel_2022|x64.ActiveCfg = Release_LLVM-Clang|x64
		{E415B850-868D-4FBD-9289-842658E5711C}.Release_Intel_2022|x64.Build.0 = Release_LLVM-Clang|x64
		{E415B850-868D-4FBD-9289-842658E5711C}.Release_Intel_2022|x86.ActiveCfg = Release_LLVM-Clang|Win32
		{E415B850-868D-4FBD-9289-842658E5711C}.Release_Intel_2022|x86.Build.0 = Release_LLVM-Clang|Win32
		{E415B850-868D-4FBD-9289-842658E5711C}.Release_Intel|Any CPU.ActiveCfg = Release_Intel|x64
		{E415B850-868D-4FBD-9289-842658E5711C}.Release_Intel|Any CPU.Build.0 = Release_Intel|x64
		{E415B850-868D-4FBD-9289-842658E5711C}.Release_Intel|x64.ActiveCfg = Release_Intel|x64
		{E415B850-868D-4FBD-9289-842658E5711C}.Release_Intel|x64.Build.0 = Release_Intel|x64
		{E415B850-868D-4FBD-9289-842658E5711C}.Release_Intel|x86.ActiveCfg = Release_Intel|Win32
		{E415B850-868D-4FBD-9289-842658E5711C}.Release_Intel|x86.Build.0 = Release_Intel|Win32
		{E415B850-868D-4FBD-9289-842658E5711C}.Release_LLVM-Clang|Any CPU.ActiveCfg = Release_LLVM-Clang|x64
		{E415B850-868D-4FBD-9289-842658E5711C}.Release_LLVM-Clang|Any CPU.Build.0 = Release_LLVM-Clang|x64
		{E415B850-868D-4FBD-9289-842658E5711C}.Release_LLVM-Clang|x64.ActiveCfg = Release_LLVM-Clang|x64
		{E415B850-868D-4FBD-9289-842658E5711C}.Release_LLVM-Clang|x64.Build.0 = Release_LLVM-Clang|x64
		{E415B850-868D-4FBD-9289-842658E5711C}.Release_LLVM-Clang|x86.ActiveCfg = Release_LLVM-Clang|Win32
		{E415B850-868D-4FBD-9289-842658E5711C}.Release_LLVM-Clang|x86.Build.0 = Release_LLVM-Clang|Win32
		{E415B850-868D-4FBD-9289-842658E5711C}.Release|Any CPU.ActiveCfg = Release|x64
		{E415B850-868D-4FBD-9289-842658E5711C}.Release|Any CPU.Build.0 = Release|x64
		{E415B850-868D-4FBD-9289-842658E5711C}.Release|x64.ActiveCfg = Release|x64
		{E415B850-868D-4FBD-9289-842658E5711C}.Release|x64.Build.0 = Release|x64
		{E415B850-868D-4FBD-9289-842658E5711C}.Release|x86.ActiveCfg = Release|Win32
		{E415B850-868D-4FBD-9289-842658E5711C}.Release|x86.Build.0 = Release|Win32
		{B173CBC4-F8D5-4542-ACCC-48BCDDCA8D9F}.Debug|Any CPU.ActiveCfg = Debug|x64
		{B173CBC4-F8D5-4542-ACCC-48BCDDCA8D9F}.Debug|Any CPU.Build.0 = Debug|x64
		{B173CBC4-F8D5-4542-ACCC-48BCDDCA8D9F}.Debug|x64.ActiveCfg = Debug|x64
		{B173CBC4-F8D5-4542-ACCC-48BCDDCA8D9F}.Debug|x64.Build.0 = Debug|x64
		{B173CBC4-F8D5-4542-ACCC-48BCDDCA8D9F}.Debug|x86.ActiveCfg = Debug|Win32
		{B173CBC4-F8D5-4542-ACCC-48BCDDCA8D9F}.Debug|x86.Build.0 = Debug|Win32
		{B173CBC4-F8D5-4542-ACCC-48BCDDCA8D9F}.Release_ASan|Any CPU.ActiveCfg = Release_LLVM-Clang|x64
		{B173CBC4-F8D5-4542-ACCC-48BCDDCA8D9F}.Release_ASan|Any CPU.Build.0 = Release_LLVM-Clang|x64
		{B173CBC4-F8D5-4542-ACCC-48BCDDCA8D9F}.Release_ASan|x64.ActiveCfg = Release_LLVM-Clang|x64
		{B173CBC4-F8D5-4542-ACCC-48BCDDCA8D9F}.Release_ASan|x64.Build.0 = Release_LLVM-Clang|x64
		{B173CBC4-F8D5-4542-ACCC-48BCDDCA8D9F}.Release_ASan|x86.ActiveCfg = Release_LLVM-Clang|Win32
		{B173CBC4-F8D5-4542-ACCC-48BCDDCA8D9F}.Release_ASan|x86.Build.0 = Release_LLVM-Clang|Win32
		{B173CBC4-F8D5-4542-ACCC-48BCDDCA8D9F}.Release_Clang_LLVM|Any CPU.ActiveCfg = Release_LLVM-Clang|x64
		{B173CBC4-F8D5-4542-ACCC-48BCDDCA8D9F}.Release_Clang_LLVM|Any CPU.Build.0 = Release_LLVM-Clang|x64
		{B173CBC4-F8D5-4542-ACCC-48BCDDCA8D9F}.Release_Clang_LLVM|x64.ActiveCfg = Release_LLVM-Clang|x64
		{B173CBC4-F8D5-4542-ACCC-48BCDDCA8D9F}.Release_Clang_LLVM|x64.Build.0 = Release_LLVM-Clang|x64
		{B173CBC4-F8D5-4542-ACCC-48BCDDCA8D9F}.Release_Clang_LLVM|x86.ActiveCfg = Release_LLVM-Clang|Win32
		{B173CBC4-F8D5-4542-ACCC-48BCDDCA8D9F}.Release_Clang_LLVM|x86.Build.0 = Release_LLVM-Clang|Win32
		{B173CBC4-F8D5-4542-ACCC-48BCDDCA8D9F}.Release_Intel_2022|Any CPU.ActiveCfg = Release_LLVM-Clang|x64
		{B173CBC4-F8D5-4542-ACCC-48BCDDCA8D9F}.Release_Intel_2022|Any CPU.Build.0 = Release_LLVM-Clang|x64
		{B173CBC4-F8D5-4542-ACCC-48BCDDCA8D9F}.Release_Intel_2022|x64.ActiveCfg = Release_LLVM-Clang|x64
		{B173CBC4-F8D5-4542-ACCC-48BCDDCA8D9F}.Release_Intel_2022|x64.Build.0 = Release_LLVM-Clang|x64
		{B173CBC4-F8D5-4542-ACCC-48BCDDCA8D9F}.Release_Intel_2022|x86.ActiveCfg = Release_LLVM-Clang|Win32
		{B173CBC4-F8D5-4542-ACCC-48BCDDCA8D9F}.Release_Intel_2022|x86.Build.0 = Release_LLVM-Clang|Win32
		{B173CBC4-F8D5-4542-ACCC-48BCDDCA8D9F}.Release_Intel|Any CPU.ActiveCfg = Release_Intel|x64
		{B173CBC4-F8D5-4542-ACCC-48BCDDCA8D9F}.Release_Intel|Any CPU.Build.0 = Release_Intel|x64
		{B173CBC4-F8D5-4542-ACCC-48BCDDCA8D9F}.Release_Intel|x64.ActiveCfg = Release_Intel|x64
		{B173CBC4-F8D5-4542-ACCC-48BCDDCA8D9F}.Release_Intel|x64.Build.0 = Release_Intel|x64
		{B173CBC4-F8D5-4542-ACCC-48BCDDCA8D9F}.Release_Intel|x86.ActiveCfg = Release_Intel|Win32
		{B173CBC4-F8D5-4542-ACCC-48BCDDCA8D9F}.Release_Intel|x86.Build.0 = Release_Intel|Win32
		{B173CBC4-F8D5-4542-ACCC-48BCDDCA8D9F}.Release_LLVM-Clang|Any CPU.ActiveCfg = Release_LLVM-Clang|x64
		{B173CBC4-F8D5-4542-ACCC-48BCDDCA8D9F}.Release_LLVM-Clang|Any CPU.Build.0 = Release_LLVM-Clang|x64
		{B173CBC4-F8D5-4542-ACCC-48BCDDCA8D9F}.Release_LLVM-Clang|x64.ActiveCfg = Release_LLVM-Clang|x64
		{B173CBC4-F8D5-4542-ACCC-48BCDDCA8D9F}.Release_LLVM-Clang|x64.Build.0 = Release_LLVM-Clang|x64
		{B173CBC4-F8D5-4542-ACCC-48BCDDCA8D9F}.Release_LLVM-Clang|x86.ActiveCfg = Release_LLVM-Clang|Win32
		{B173CBC4-F8D5-4542-ACCC-48BCDDCA8D9F}.Release_LLVM-Clang|x86.Build.0 = Release_LLVM-Clang|Win32
		{B173CBC4-F8D5-4542-ACCC-48BCDDCA8D9F}.Release|Any CPU.ActiveCfg = Release|x64
		{B173CBC4-F8D5-4542-ACCC-48BCDDCA8D9F}.Release|Any CPU.Build.0 = Release|x64
		{B173CBC4-F8D5-4542-ACCC-48BCDDCA8D9F}.Release|x64.ActiveCfg = Release|x64
		{B173CBC4-F8D5-4542-ACCC-48BCDDCA8D9F}.Release|x64.Build.0 = Release|x64
		{B173CBC4-F8D5-4542-ACCC-48BCDDCA8D9F}.Release|x86.ActiveCfg = Release|Win32
		{B173CBC4-F8D5-4542-ACCC-48BCDDCA8D9F}.Release|x86.Build.0 = Release|Win32
		{2A23D32E-0BFE-4C58-A818-A1831609D930}.Debug|Any CPU.ActiveCfg = Debug|x64
		{2A23D32E-0BFE-4C58-A818-A1831609D930}.Debug|Any CPU.Build.0 = Debug|x64
		{2A23D32E-0BFE-4C58-A818-A1831609D930}.Debug|x64.ActiveCfg = Debug|x64
		{2A23D32E-0BFE-4C58-A818-A1831609D930}.Debug|x64.Build.0 = Debug|x64
		{2A23D32E-0BFE-4C58-A818-A1831609D930}.Debug|x86.ActiveCfg = Debug|Win32
		{2A23D32E-0BFE-4C58-A818-A1831609D930}.Debug|x86.Build.0 = Debug|Win32
		{2A23D32E-0BFE-4C58-A818-A1831609D930}.Release_ASan|Any CPU.ActiveCfg = Release_LLVM-Clang|x64
		{2A23D32E-0BFE-4C58-A818-A1831609D930}.Release_ASan|Any CPU.Build.0 = Release_LLVM-Clang|x64
		{2A23D32E-0BFE-4C58-A818-A1831609D930}.Release_ASan|x64.ActiveCfg = Release_LLVM-Clang|x64
		{2A23D32E-0BFE-4C58-A818-A1831609D930}.Release_ASan|x64.Build.0 = Release_LLVM-Clang|x64
		{2A23D32E-0BFE-4C58-A818-A1831609D930}.Release_ASan|x86.ActiveCfg = Release_LLVM-Clang|Win32
		{2A23D32E-0BFE-4C58-A818-A1831609D930}.Release_ASan|x86.Build.0 = Release_LLVM-Clang|Win32
		{2A23D32E-0BFE-4C58-A818-A1831609D930}.Release_Clang_LLVM|Any CPU.ActiveCfg = Release_LLVM-Clang|x64
		{2A23D32E-0BFE-4C58-A818-A1831609D930}.Release_Clang_LLVM|Any CPU.Build.0 = Release_LLVM-Clang|x64
		{2A23D32E-0BFE-4C58-A818-A1831609D930}.Release_Clang_LLVM|x64.ActiveCfg = Release_LLVM-Clang|x64
		{2A23D32E-0BFE-4C58-A818-A1831609D930}.Release_Clang_LLVM|x64.Build.0 = Release_LLVM-Clang|x64
		{2A23D32E-0BFE-4C58-A818-A1831609D930}.Release_Clang_LLVM|x86.ActiveCfg = Release_LLVM-Clang|Win32
		{2A23D32E-0BFE-4C58-A818-A1831609D930}.Release_Clang_LLVM|x86.Build.0 = Release_LLVM-Clang|Win32
		{2A23D32E-0BFE-4C58-A818-A1831609D930}.Release_Intel_2022|Any CPU.ActiveCfg = Release_LLVM-Clang|x64
		{2A23D32E-0BFE-4C58-A818-A1831609D930}.Release_Intel_2022|Any CPU.Build.0 = Release_LLVM-Clang|x64
		{2A23D32E-0BFE-4C58-A818-A1831609D930}.Release_Intel_2022|x64.ActiveCfg = Release_LLVM-Clang|x64
		{2A23D32E-0BFE-4C58-A818-A1831609D930}.Release_Intel_2022|x64.Build.0 = Release_LLVM-Clang|x64
		{2A23D32E-0BFE-4C58-A818-A1831609D930}.Release_Intel_2022|x86.ActiveCfg = Release_LLVM-Clang|Win32
		{2A23D32E-0BFE-4C58-A818-A1831609D930}.Release_Intel_2022|x86.Build.0 = Release_LLVM-Clang|Win32
		{2A23D32E-0BFE-4C58-A818-A1831609D930}.Release_Intel|Any CPU.ActiveCfg = Release_Intel|x64
		{2A23D32E-0BFE-4C58-A818-A1831609D930}.Release_Intel|Any CPU.Build.0 = Release_Intel|x64
		{2A23D32E-0BFE-4C58-A818-A1831609D930}.Release_Intel|x64.ActiveCfg = Release_Intel|x64
		{2A23D32E-0BFE-4C58-A818-A1831609D930}.Release_Intel|x64.Build.0 = Release_Intel|x64
		{2A23D32E-0BFE-4C58-A818-A1831609D930}.Release_Intel|x86.ActiveCfg = Release_Intel|Win32
		{2A23D32E-0BFE-4C58-A818-A1831609D930}.Release_Intel|x86.Build.0 = Release_Intel|Win32
		{2A23D32E-0BFE-4C58-A818-A1831609D930}.Release_LLVM-Clang|Any CPU.ActiveCfg = Release_LLVM-Clang|x64
		{2A23D32E-0BFE-4C58-A818-A1831609D930}.Release_LLVM-Clang|Any CPU.Build.0 = Release_LLVM-Clang|x64
		{2A23D32E-0BFE-4C58-A818-A1831609D930}.Release_LLVM-Clang|x64.ActiveCfg = Release_LLVM-Clang|x64
		{2A23D32E-0BFE-4C58-A818-A1831609D930}.Release_LLVM-Clang|x64.Build.0 = Release_LLVM-Clang|x64
		{2A23D32E-0BFE-4C58-A818-A1831609D930}.Release_LLVM-Clang|x86.ActiveCfg = Release_LLVM-Clang|Win32
		{2A23D32E-0BFE-4C58-A818-A1831609D930}.Release_LLVM-Clang|x86.Build.0 = Release_LLVM-Clang|Win32
		{2A23D32E-0BFE-4C58-A818-A1831609D930}.Release|Any CPU.ActiveCfg = Release|x64
		{2A23D32E-0BFE-4C58-A818-A1831609D930}.Release|Any CPU.Build.0 = Release|x64
		{2A23D32E-0BFE-4C58-A818-A1831609D930}.Release|x64.ActiveCfg = Release|x64
		{2A23D32E-0BFE-4C58-A818-A1831609D930}.Release|x64.Build.0 = Release|x64
		{2A23D32E-0BFE-4C58-A818-A1831609D930}.Release|x86.ActiveCfg = Release|Win32
		{2A23D32E-0BFE-4C58-A818-A1831609D930}.Release|x86.Build.0 = Release|Win32
		{5933CF29-1468-415E-A347-5D20095802E5}.Debug|Any CPU.ActiveCfg = Release|x64
		{5933CF29-1468-415E-A347-5D20095802E5}.Debug|Any CPU.Build.0 = Release|x64
		{5933CF29-1468-415E-A347-5D20095802E5}.Debug|x64.ActiveCfg = Release|x64
		{5933CF29-1468-415E-A347-5D20095802E5}.Debug|x64.Build.0 = Release|x64
		{5933CF29-1468-415E-A347-5D20095802E5}.Debug|x86.ActiveCfg = Debug|Win32
		{5933CF29-1468-415E-A347-5D20095802E5}.Debug|x86.Build.0 = Debug|Win32
		{5933CF29-1468-415E-A347-5D20095802E5}.Release_ASan|Any CPU.ActiveCfg = Release_ASan|x64
		{5933CF29-1468-415E-A347-5D20095802E5}.Release_ASan|Any CPU.Build.0 = Release_ASan|x64
		{5933CF29-1468-415E-A347-5D20095802E5}.Release_ASan|x64.ActiveCfg = Release_ASan|x64
		{5933CF29-1468-415E-A347-5D20095802E5}.Release_ASan|x64.Build.0 = Release_ASan|x64
		{5933CF29-1468-415E-A347-5D20095802E5}.Release_ASan|x86.ActiveCfg = Release_ASan|Win32
		{5933CF29-1468-415E-A347-5D20095802E5}.Release_ASan|x86.Build.0 = Release_ASan|Win32
		{5933CF29-1468-415E-A347-5D20095802E5}.Release_Clang_LLVM|Any CPU.ActiveCfg = Release_Clang_LLVM|x64
		{5933CF29-1468-415E-A347-5D20095802E5}.Release_Clang_LLVM|Any CPU.Build.0 = Release_Clang_LLVM|x64
		{5933CF29-1468-415E-A347-5D20095802E5}.Release_Clang_LLVM|x64.ActiveCfg = Release_Clang_LLVM|x64
		{5933CF29-1468-415E-A347-5D20095802E5}.Release_Clang_LLVM|x64.Build.0 = Release_Clang_LLVM|x64
		{5933CF29-1468-415E-A347-5D20095802E5}.Release_Clang_LLVM|x86.ActiveCfg = Release_Clang_LLVM|Win32
		{5933CF29-1468-415E-A347-5D20095802E5}.Release_Clang_LLVM|x86.Build.0 = Release_Clang_LLVM|Win32
		{5933CF29-1468-415E-A347-5D20095802E5}.Release_Intel_2022|Any CPU.ActiveCfg = Release_Intel_2022|x64
		{5933CF29-1468-415E-A347-5D20095802E5}.Release_Intel_2022|Any CPU.Build.0 = Release_Intel_2022|x64
		{5933CF29-1468-415E-A347-5D20095802E5}.Release_Intel_2022|x64.ActiveCfg = Release_Intel_2022|x64
		{5933CF29-1468-415E-A347-5D20095802E5}.Release_Intel_2022|x64.Build.0 = Release_Intel_2022|x64
		{5933CF29-1468-415E-A347-5D20095802E5}.Release_Intel_2022|x86.ActiveCfg = Release_Intel_2022|Win32
		{5933CF29-1468-415E-A347-5D20095802E5}.Release_Intel_2022|x86.Build.0 = Release_Intel_2022|Win32
		{5933CF29-1468-415E-A347-5D20095802E5}.Release_Intel|Any CPU.ActiveCfg = Release_Intel|x64
		{5933CF29-1468-415E-A347-5D20095802E5}.Release_Intel|Any CPU.Build.0 = Release_Intel|x64
		{5933CF29-1468-415E-A347-5D20095802E5}.Release_Intel|x64.ActiveCfg = Release|x64
		{5933CF29-1468-415E-A347-5D20095802E5}.Release_Intel|x64.Build.0 = Release|x64
		{5933CF29-1468-415E-A347-5D20095802E5}.Release_Intel|x86.ActiveCfg = Release|Win32
		{5933CF29-1468-415E-A347-5D20095802E5}.Release_Intel|x86.Build.0 = Release|Win32
		{5933CF29-1468-415E-A347-5D20095802E5}.Release_LLVM-Clang|Any CPU.ActiveCfg = Release_Clang_LLVM|x64
		{5933CF29-1468-415E-A347-5D20095802E5}.Release_LLVM-Clang|Any CPU.Build.0 = Release_Clang_LLVM|x64
		{5933CF29-1468-415E-A347-5D20095802E5}.Release_LLVM-Clang|x64.ActiveCfg = Release|x64
		{5933CF29-1468-415E-A347-5D20095802E5}.Release_LLVM-Clang|x64.Build.0 = Release|x64
		{5933CF29-1468-415E-A347-5D20095802E5}.Release_LLVM-Clang|x86.ActiveCfg = Release|Win32
		{5933CF29-1468-415E-A347-5D20095802E5}.Release_LLVM-Clang|x86.Build.0 = Release|Win32
		{5933CF29-1468-415E-A347-5D20095802E5}.Release|Any CPU.ActiveCfg = Release|x64
		{5933CF29-1468-415E-A347-5D20095802E5}.Release|Any CPU.Build.0 = Release|x64
		{5933CF29-1468-415E-A347-5D20095802E5}.Release|x64.ActiveCfg = Release|x64
		{5933CF29-1468-415E-A347-5D20095802E5}.Release|x64.Build.0 = Release|x64
		{5933CF29-1468-415E-A347-5D20095802E5}.Release|x86.ActiveCfg = Release|Win32
		{5933CF29-1468-415E-A347-5D20095802E5}.Release|x86.Build.0 = Release|Win32
		{2B774405-58EF-4621-BFDF-B2F241F2DA13}.Debug|Any CPU.ActiveCfg = Debug|x64
		{2B774405-58EF-4621-BFDF-B2F241F2DA13}.Debug|Any CPU.Build.0 = Debug|x64
		{2B774405-58EF-4621-BFDF-B2F241F2DA13}.Debug|x64.ActiveCfg = Debug|x64
		{2B774405-58EF-4621-BFDF-B2F241F2DA13}.Debug|x64.Build.0 = Debug|x64
		{2B774405-58EF-4621-BFDF-B2F241F2DA13}.Debug|x86.ActiveCfg = Debug|Win32
		{2B774405-58EF-4621-BFDF-B2F241F2DA13}.Debug|x86.Build.0 = Debug|Win32
		{2B774405-58EF-4621-BFDF-B2F241F2DA13}.Release_ASan|Any CPU.ActiveCfg = Release|x64
		{2B774405-58EF-4621-BFDF-B2F241F2DA13}.Release_ASan|Any CPU.Build.0 = Release|x64
		{2B774405-58EF-4621-BFDF-B2F241F2DA13}.Release_ASan|x64.ActiveCfg = Release|x64
		{2B774405-58EF-4621-BFDF-B2F241F2DA13}.Release_ASan|x64.Build.0 = Release|x64
		{2B774405-58EF-4621-BFDF-B2F241F2DA13}.Release_ASan|x86.ActiveCfg = Release|Win32
		{2B774405-58EF-4621-BFDF-B2F241F2DA13}.Release_ASan|x86.Build.0 = Release|Win32
		{2B774405-58EF-4621-BFDF-B2F241F2DA13}.Release_Clang_LLVM|Any CPU.ActiveCfg = Release|x64
		{2B774405-58EF-4621-BFDF-B2F241F2DA13}.Release_Clang_LLVM|Any CPU.Build.0 = Release|x64
		{2B774405-58EF-4621-BFDF-B2F241F2DA13}.Release_Clang_LLVM|x64.ActiveCfg = Release|x64
		{2B774405-58EF-4621-BFDF-B2F241F2DA13}.Release_Clang_LLVM|x64.Build.0 = Release|x64
		{2B774405-58EF-4621-BFDF-B2F241F2DA13}.Release_Clang_LLVM|x86.ActiveCfg = Release|Win32
		{2B774405-58EF-4621-BFDF-B2F241F2DA13}.Release_Clang_LLVM|x86.Build.0 = Release|Win32
		{2B774405-58EF-4621-BFDF-B2F241F2DA13}.Release_Intel_2022|Any CPU.ActiveCfg = Release|x64
		{2B774405-58EF-4621-BFDF-B2F241F2DA13}.Release_Intel_2022|Any CPU.Build.0 = Release|x64
		{2B774405-58EF-4621-BFDF-B2F241F2DA13}.Release_Intel_2022|x64.ActiveCfg = Release|x64
		{2B774405-58EF-4621-BFDF-B2F241F2DA13}.Release_Intel_2022|x64.Build.0 = Release|x64
		{2B774405-58EF-4621-BFDF-B2F241F2DA13}.Release_Intel_2022|x86.ActiveCfg = Release|Win32
		{2B774405-58EF-4621-BFDF-B2F241F2DA13}.Release_Intel_2022|x86.Build.0 = Release|Win32
		{2B774405-58EF-4621-BFDF-B2F241F2DA13}.Release_Intel|Any CPU.ActiveCfg = Release|x64
		{2B774405-58EF-4621-BFDF-B2F241F2DA13}.Release_Intel|Any CPU.Build.0 = Release|x64
		{2B774405-58EF-4621-BFDF-B2F241F2DA13}.Release_Intel|x64.ActiveCfg = Release|x64
		{2B774405-58EF-4621-BFDF-B2F241F2DA13}.Release_Intel|x64.Build.0 = Release|x64
		{2B774405-58EF-4621-BFDF-B2F241F2DA13}.Release_Intel|x86.ActiveCfg = Release|Win32
		{2B774405-58EF-4621-BFDF-B2F241F2DA13}.Release_Intel|x86.Build.0 = Release|Win32
		{2B774405-58EF-4621-BFDF-B2F241F2DA13}.Release_LLVM-Clang|Any CPU.ActiveCfg = Release|x64
		{2B774405-58EF-4621-BFDF-B2F241F2DA13}.Release_LLVM-Clang|Any CPU.Build.0 = Release|x64
		{2B774405-58EF-4621-BFDF-B2F241F2DA13}.Release_LLVM-Clang|x64.ActiveCfg = Release|x64
		{2B774405-58EF-4621-BFDF-B2F241F2DA13}.Release_LLVM-Clang|x64.Build.0 = Release|x64
		{2B774405-58EF-4621-BFDF-B2F241F2DA13}.Release_LLVM-Clang|x86.ActiveCfg = Release|Win32
		{2B774405-58EF-4621-BFDF-B2F241F2DA13}.Release_LLVM-Clang|x86.Build.0 = Release|Win32
		{2B774405-58EF-4621-BFDF-B2F241F2DA13}.Release|Any CPU.ActiveCfg = Release|x64
		{2B774405-58EF-4621-BFDF-B2F241F2DA13}.Release|Any CPU.Build.0 = Release|x64
		{2B774405-58EF-4621-BFDF-B2F241F2DA13}.Release|x64.ActiveCfg = Release|x64
		{2B774405-58EF-4621-BFDF-B2F241F2DA13}.Release|x64.Build.0 = Release|x64
		{2B774405-58EF-4621-BFDF-B2F241F2DA13}.Release|x86.ActiveCfg = Release|Win32
		{2B774405-58EF-4621-BFDF-B2F241F2DA13}.Release|x86.Build.0 = Release|Win32
		{E8DEF235-51FF-4970-B991-E02EDFD18E49}.Debug|Any CPU.ActiveCfg = Debug|Any CPU
		{E8DEF235-51FF-4970-B991-E02EDFD18E49}.Debug|x64.ActiveCfg = Debug|Any CPU
		{E8DEF235-51FF-4970-B991-E02EDFD18E49}.Debug|x86.ActiveCfg = Debug|Any CPU
		{E8DEF235-51FF-4970-B991-E02EDFD18E49}.Release_ASan|Any CPU.ActiveCfg = Release|Any CPU
		{E8DEF235-51FF-4970-B991-E02EDFD18E49}.Release_ASan|x64.ActiveCfg = Release|Any CPU
		{E8DEF235-51FF-4970-B991-E02EDFD18E49}.Release_ASan|x86.ActiveCfg = Release|Any CPU
		{E8DEF235-51FF-4970-B991-E02EDFD18E49}.Release_Clang_LLVM|Any CPU.ActiveCfg = Release|Any CPU
		{E8DEF235-51FF-4970-B991-E02EDFD18E49}.Release_Clang_LLVM|x64.ActiveCfg = Release|Any CPU
		{E8DEF235-51FF-4970-B991-E02EDFD18E49}.Release_Clang_LLVM|x86.ActiveCfg = Release|Any CPU
		{E8DEF235-51FF-4970-B991-E02EDFD18E49}.Release_Intel_2022|Any CPU.ActiveCfg = Release|Any CPU
		{E8DEF235-51FF-4970-B991-E02EDFD18E49}.Release_Intel_2022|x64.ActiveCfg = Release|Any CPU
		{E8DEF235-51FF-4970-B991-E02EDFD18E49}.Release_Intel_2022|x86.ActiveCfg = Release|Any CPU
		{E8DEF235-51FF-4970-B991-E02EDFD18E49}.Release_Intel|Any CPU.ActiveCfg = Release|Any CPU
		{E8DEF235-51FF-4970-B991-E02EDFD18E49}.Release_Intel|x64.ActiveCfg = Release|Any CPU
		{E8DEF235-51FF-4970-B991-E02EDFD18E49}.Release_Intel|x86.ActiveCfg = Release|Any CPU
		{E8DEF235-51FF-4970-B991-E02EDFD18E49}.Release_LLVM-Clang|Any CPU.ActiveCfg = Release|Any CPU
		{E8DEF235-51FF-4970-B991-E02EDFD18E49}.Release_LLVM-Clang|x64.ActiveCfg = Release|Any CPU
		{E8DEF235-51FF-4970-B991-E02EDFD18E49}.Release_LLVM-Clang|x86.ActiveCfg = Release|Any CPU
		{E8DEF235-51FF-4970-B991-E02EDFD18E49}.Release|Any CPU.ActiveCfg = Release|Any CPU
		{E8DEF235-51FF-4970-B991-E02EDFD18E49}.Release|x64.ActiveCfg = Release|Any CPU
		{E8DEF235-51FF-4970-B991-E02EDFD18E49}.Release|x86.ActiveCfg = Release|Any CPU
		{00828D8B-AFE0-48B4-8869-14A2CD1181DA}.Debug|Any CPU.ActiveCfg = Debug|x64
		{00828D8B-AFE0-48B4-8869-14A2CD1181DA}.Debug|Any CPU.Build.0 = Debug|x64
		{00828D8B-AFE0-48B4-8869-14A2CD1181DA}.Debug|x64.ActiveCfg = Debug|x64
		{00828D8B-AFE0-48B4-8869-14A2CD1181DA}.Debug|x64.Build.0 = Debug|x64
		{00828D8B-AFE0-48B4-8869-14A2CD1181DA}.Debug|x86.ActiveCfg = Debug|Win32
		{00828D8B-AFE0-48B4-8869-14A2CD1181DA}.Debug|x86.Build.0 = Debug|Win32
		{00828D8B-AFE0-48B4-8869-14A2CD1181DA}.Release_ASan|Any CPU.ActiveCfg = Release|x64
		{00828D8B-AFE0-48B4-8869-14A2CD1181DA}.Release_ASan|Any CPU.Build.0 = Release|x64
		{00828D8B-AFE0-48B4-8869-14A2CD1181DA}.Release_ASan|x64.ActiveCfg = Release|x64
		{00828D8B-AFE0-48B4-8869-14A2CD1181DA}.Release_ASan|x64.Build.0 = Release|x64
		{00828D8B-AFE0-48B4-8869-14A2CD1181DA}.Release_ASan|x86.ActiveCfg = Release|Win32
		{00828D8B-AFE0-48B4-8869-14A2CD1181DA}.Release_ASan|x86.Build.0 = Release|Win32
		{00828D8B-AFE0-48B4-8869-14A2CD1181DA}.Release_Clang_LLVM|Any CPU.ActiveCfg = Release|x64
		{00828D8B-AFE0-48B4-8869-14A2CD1181DA}.Release_Clang_LLVM|Any CPU.Build.0 = Release|x64
		{00828D8B-AFE0-48B4-8869-14A2CD1181DA}.Release_Clang_LLVM|x64.ActiveCfg = Release|x64
		{00828D8B-AFE0-48B4-8869-14A2CD1181DA}.Release_Clang_LLVM|x64.Build.0 = Release|x64
		{00828D8B-AFE0-48B4-8869-14A2CD1181DA}.Release_Clang_LLVM|x86.ActiveCfg = Release|Win32
		{00828D8B-AFE0-48B4-8869-14A2CD1181DA}.Release_Clang_LLVM|x86.Build.0 = Release|Win32
		{00828D8B-AFE0-48B4-8869-14A2CD1181DA}.Release_Intel_2022|Any CPU.ActiveCfg = Release|x64
		{00828D8B-AFE0-48B4-8869-14A2CD1181DA}.Release_Intel_2022|Any CPU.Build.0 = Release|x64
		{00828D8B-AFE0-48B4-8869-14A2CD1181DA}.Release_Intel_2022|x64.ActiveCfg = Release|x64
		{00828D8B-AFE0-48B4-8869-14A2CD1181DA}.Release_Intel_2022|x64.Build.0 = Release|x64
		{00828D8B-AFE0-48B4-8869-14A2CD1181DA}.Release_Intel_2022|x86.ActiveCfg = Release|Win32
		{00828D8B-AFE0-48B4-8869-14A2CD1181DA}.Release_Intel_2022|x86.Build.0 = Release|Win32
		{00828D8B-AFE0-48B4-8869-14A2CD1181DA}.Release_Intel|Any CPU.ActiveCfg = Release|x64
		{00828D8B-AFE0-48B4-8869-14A2CD1181DA}.Release_Intel|Any CPU.Build.0 = Release|x64
		{00828D8B-AFE0-48B4-8869-14A2CD1181DA}.Release_Intel|x64.ActiveCfg = Release|x64
		{00828D8B-AFE0-48B4-8869-14A2CD1181DA}.Release_Intel|x64.Build.0 = Release|x64
		{00828D8B-AFE0-48B4-8869-14A2CD1181DA}.Release_Intel|x86.ActiveCfg = Release|Win32
		{00828D8B-AFE0-48B4-8869-14A2CD1181DA}.Release_Intel|x86.Build.0 = Release|Win32
		{00828D8B-AFE0-48B4-8869-14A2CD1181DA}.Release_LLVM-Clang|Any CPU.ActiveCfg = Release|x64
		{00828D8B-AFE0-48B4-8869-14A2CD1181DA}.Release_LLVM-Clang|Any CPU.Build.0 = Release|x64
		{00828D8B-AFE0-48B4-8869-14A2CD1181DA}.Release_LLVM-Clang|x64.ActiveCfg = Release|x64
		{00828D8B-AFE0-48B4-8869-14A2CD1181DA}.Release_LLVM-Clang|x64.Build.0 = Release|x64
		{00828D8B-AFE0-48B4-8869-14A2CD1181DA}.Release_LLVM-Clang|x86.ActiveCfg = Release|Win32
		{00828D8B-AFE0-48B4-8869-14A2CD1181DA}.Release_LLVM-Clang|x86.Build.0 = Release|Win32
		{00828D8B-AFE0-48B4-8869-14A2CD1181DA}.Release|Any CPU.ActiveCfg = Release|x64
		{00828D8B-AFE0-48B4-8869-14A2CD1181DA}.Release|Any CPU.Build.0 = Release|x64
		{00828D8B-AFE0-48B4-8869-14A2CD1181DA}.Release|x64.ActiveCfg = Release|x64
		{00828D8B-AFE0-48B4-8869-14A2CD1181DA}.Release|x64.Build.0 = Release|x64
		{00828D8B-AFE0-48B4-8869-14A2CD1181DA}.Release|x86.ActiveCfg = Release|Win32
		{00828D8B-AFE0-48B4-8869-14A2CD1181DA}.Release|x86.Build.0 = Release|Win32
		{94D578D9-B64F-4CBA-9E09-DFDA526C1E81}.Debug|Any CPU.ActiveCfg = Debug|x64
		{94D578D9-B64F-4CBA-9E09-DFDA526C1E81}.Debug|Any CPU.Build.0 = Debug|x64
		{94D578D9-B64F-4CBA-9E09-DFDA526C1E81}.Debug|x64.ActiveCfg = Debug|x64
		{94D578D9-B64F-4CBA-9E09-DFDA526C1E81}.Debug|x64.Build.0 = Debug|x64
		{94D578D9-B64F-4CBA-9E09-DFDA526C1E81}.Debug|x86.ActiveCfg = Debug|Win32
		{94D578D9-B64F-4CBA-9E09-DFDA526C1E81}.Debug|x86.Build.0 = Debug|Win32
		{94D578D9-B64F-4CBA-9E09-DFDA526C1E81}.Release_ASan|Any CPU.ActiveCfg = Release_ASan|x64
		{94D578D9-B64F-4CBA-9E09-DFDA526C1E81}.Release_ASan|Any CPU.Build.0 = Release_ASan|x64
		{94D578D9-B64F-4CBA-9E09-DFDA526C1E81}.Release_ASan|x64.ActiveCfg = Release_ASan|x64
		{94D578D9-B64F-4CBA-9E09-DFDA526C1E81}.Release_ASan|x64.Build.0 = Release_ASan|x64
		{94D578D9-B64F-4CBA-9E09-DFDA526C1E81}.Release_ASan|x86.ActiveCfg = Release_ASan|Win32
		{94D578D9-B64F-4CBA-9E09-DFDA526C1E81}.Release_ASan|x86.Build.0 = Release_ASan|Win32
		{94D578D9-B64F-4CBA-9E09-DFDA526C1E81}.Release_Clang_LLVM|Any CPU.ActiveCfg = Release_Clang_LLVM|x64
		{94D578D9-B64F-4CBA-9E09-DFDA526C1E81}.Release_Clang_LLVM|Any CPU.Build.0 = Release_Clang_LLVM|x64
		{94D578D9-B64F-4CBA-9E09-DFDA526C1E81}.Release_Clang_LLVM|x64.ActiveCfg = Release_Clang_LLVM|x64
		{94D578D9-B64F-4CBA-9E09-DFDA526C1E81}.Release_Clang_LLVM|x64.Build.0 = Release_Clang_LLVM|x64
		{94D578D9-B64F-4CBA-9E09-DFDA526C1E81}.Release_Clang_LLVM|x86.ActiveCfg = Release_Clang_LLVM|Win32
		{94D578D9-B64F-4CBA-9E09-DFDA526C1E81}.Release_Clang_LLVM|x86.Build.0 = Release_Clang_LLVM|Win32
		{94D578D9-B64F-4CBA-9E09-DFDA526C1E81}.Release_Intel_2022|Any CPU.ActiveCfg = Release_Intel_2022|x64
		{94D578D9-B64F-4CBA-9E09-DFDA526C1E81}.Release_Intel_2022|Any CPU.Build.0 = Release_Intel_2022|x64
		{94D578D9-B64F-4CBA-9E09-DFDA526C1E81}.Release_Intel_2022|x64.ActiveCfg = Release_Intel_2022|x64
		{94D578D9-B64F-4CBA-9E09-DFDA526C1E81}.Release_Intel_2022|x64.Build.0 = Release_Intel_2022|x64
		{94D578D9-B64F-4CBA-9E09-DFDA526C1E81}.Release_Intel_2022|x86.ActiveCfg = Release_Intel_2022|Win32
		{94D578D9-B64F-4CBA-9E09-DFDA526C1E81}.Release_Intel_2022|x86.Build.0 = Release_Intel_2022|Win32
		{94D578D9-B64F-4CBA-9E09-DFDA526C1E81}.Release_Intel|Any CPU.ActiveCfg = Release_Intel|x64
		{94D578D9-B64F-4CBA-9E09-DFDA526C1E81}.Release_Intel|Any CPU.Build.0 = Release_Intel|x64
		{94D578D9-B64F-4CBA-9E09-DFDA526C1E81}.Release_Intel|x64.ActiveCfg = Release_Intel|x64
		{94D578D9-B64F-4CBA-9E09-DFDA526C1E81}.Release_Intel|x64.Build.0 = Release_Intel|x64
		{94D578D9-B64F-4CBA-9E09-DFDA526C1E81}.Release_Intel|x86.ActiveCfg = Release_Intel|Win32
		{94D578D9-B64F-4CBA-9E09-DFDA526C1E81}.Release_Intel|x86.Build.0 = Release_Intel|Win32
		{94D578D9-B64F-4CBA-9E09-DFDA526C1E81}.Release_LLVM-Clang|Any CPU.ActiveCfg = Release_Clang_LLVM|x64
		{94D578D9-B64F-4CBA-9E09-DFDA526C1E81}.Release_LLVM-Clang|Any CPU.Build.0 = Release_Clang_LLVM|x64
		{94D578D9-B64F-4CBA-9E09-DFDA526C1E81}.Release_LLVM-Clang|x64.ActiveCfg = Release_Clang_LLVM|x64
		{94D578D9-B64F-4CBA-9E09-DFDA526C1E81}.Release_LLVM-Clang|x64.Build.0 = Release_Clang_LLVM|x64
		{94D578D9-B64F-4CBA-9E09-DFDA526C1E81}.Release_LLVM-Clang|x86.ActiveCfg = Release_Clang_LLVM|Win32
		{94D578D9-B64F-4CBA-9E09-DFDA526C1E81}.Release_LLVM-Clang|x86.Build.0 = Release_Clang_LLVM|Win32
		{94D578D9-B64F-4CBA-9E09-DFDA526C1E81}.Release|Any CPU.ActiveCfg = Release|x64
		{94D578D9-B64F-4CBA-9E09-DFDA526C1E81}.Release|Any CPU.Build.0 = Release|x64
		{94D578D9-B64F-4CBA-9E09-DFDA526C1E81}.Release|x64.ActiveCfg = Release|x64
		{94D578D9-B64F-4CBA-9E09-DFDA526C1E81}.Release|x64.Build.0 = Release|x64
		{94D578D9-B64F-4CBA-9E09-DFDA526C1E81}.Release|x86.ActiveCfg = Release|Win32
		{94D578D9-B64F-4CBA-9E09-DFDA526C1E81}.Release|x86.Build.0 = Release|Win32
		{B89665FC-1686-4A49-B16A-1F50A74F48C3}.Debug|Any CPU.ActiveCfg = Debug|x64
		{B89665FC-1686-4A49-B16A-1F50A74F48C3}.Debug|Any CPU.Build.0 = Debug|x64
		{B89665FC-1686-4A49-B16A-1F50A74F48C3}.Debug|x64.ActiveCfg = Debug|x64
		{B89665FC-1686-4A49-B16A-1F50A74F48C3}.Debug|x64.Build.0 = Debug|x64
		{B89665FC-1686-4A49-B16A-1F50A74F48C3}.Debug|x86.ActiveCfg = Debug|Win32
		{B89665FC-1686-4A49-B16A-1F50A74F48C3}.Debug|x86.Build.0 = Debug|Win32
		{B89665FC-1686-4A49-B16A-1F50A74F48C3}.Release_ASan|Any CPU.ActiveCfg = Release|x64
		{B89665FC-1686-4A49-B16A-1F50A74F48C3}.Release_ASan|Any CPU.Build.0 = Release|x64
		{B89665FC-1686-4A49-B16A-1F50A74F48C3}.Release_ASan|x64.ActiveCfg = Release|x64
		{B89665FC-1686-4A49-B16A-1F50A74F48C3}.Release_ASan|x64.Build.0 = Release|x64
		{B89665FC-1686-4A49-B16A-1F50A74F48C3}.Release_ASan|x86.ActiveCfg = Release|Win32
		{B89665FC-1686-4A49-B16A-1F50A74F48C3}.Release_ASan|x86.Build.0 = Release|Win32
		{B89665FC-1686-4A49-B16A-1F50A74F48C3}.Release_Clang_LLVM|Any CPU.ActiveCfg = Release|x64
		{B89665FC-1686-4A49-B16A-1F50A74F48C3}.Release_Clang_LLVM|Any CPU.Build.0 = Release|x64
		{B89665FC-1686-4A49-B16A-1F50A74F48C3}.Release_Clang_LLVM|x64.ActiveCfg = Release|x64
		{B89665FC-1686-4A49-B16A-1F50A74F48C3}.Release_Clang_LLVM|x64.Build.0 = Release|x64
		{B89665FC-1686-4A49-B16A-1F50A74F48C3}.Release_Clang_LLVM|x86.ActiveCfg = Release|Win32
		{B89665FC-1686-4A49-B16A-1F50A74F48C3}.Release_Clang_LLVM|x86.Build.0 = Release|Win32
		{B89665FC-1686-4A49-B16A-1F50A74F48C3}.Release_Intel_2022|Any CPU.ActiveCfg = Release|x64
		{B89665FC-1686-4A49-B16A-1F50A74F48C3}.Release_Intel_2022|Any CPU.Build.0 = Release|x64
		{B89665FC-1686-4A49-B16A-1F50A74F48C3}.Release_Intel_2022|x64.ActiveCfg = Release|x64
		{B89665FC-1686-4A49-B16A-1F50A74F48C3}.Release_Intel_2022|x64.Build.0 = Release|x64
		{B89665FC-1686-4A49-B16A-1F50A74F48C3}.Release_Intel_2022|x86.ActiveCfg = Release|Win32
		{B89665FC-1686-4A49-B16A-1F50A74F48C3}.Release_Intel_2022|x86.Build.0 = Release|Win32
		{B89665FC-1686-4A49-B16A-1F50A74F48C3}.Release_Intel|Any CPU.ActiveCfg = Release|x64
		{B89665FC-1686-4A49-B16A-1F50A74F48C3}.Release_Intel|Any CPU.Build.0 = Release|x64
		{B89665FC-1686-4A49-B16A-1F50A74F48C3}.Release_Intel|x64.ActiveCfg = Release|x64
		{B89665FC-1686-4A49-B16A-1F50A74F48C3}.Release_Intel|x64.Build.0 = Release|x64
		{B89665FC-1686-4A49-B16A-1F50A74F48C3}.Release_Intel|x86.ActiveCfg = Release|Win32
		{B89665FC-1686-4A49-B16A-1F50A74F48C3}.Release_Intel|x86.Build.0 = Release|Win32
		{B89665FC-1686-4A49-B16A-1F50A74F48C3}.Release_LLVM-Clang|Any CPU.ActiveCfg = Release|x64
		{B89665FC-1686-4A49-B16A-1F50A74F48C3}.Release_LLVM-Clang|Any CPU.Build.0 = Release|x64
		{B89665FC-1686-4A49-B16A-1F50A74F48C3}.Release_LLVM-Clang|x64.ActiveCfg = Release|x64
		{B89665FC-1686-4A49-B16A-1F50A74F48C3}.Release_LLVM-Clang|x64.Build.0 = Release|x64
		{B89665FC-1686-4A49-B16A-1F50A74F48C3}.Release_LLVM-Clang|x86.ActiveCfg = Release|Win32
		{B89665FC-1686-4A49-B16A-1F50A74F48C3}.Release_LLVM-Clang|x86.Build.0 = Release|Win32
		{B89665FC-1686-4A49-B16A-1F50A74F48C3}.Release|Any CPU.ActiveCfg = Release|x64
		{B89665FC-1686-4A49-B16A-1F50A74F48C3}.Release|Any CPU.Build.0 = Release|x64
		{B89665FC-1686-4A49-B16A-1F50A74F48C3}.Release|x64.ActiveCfg = Release|x64
		{B89665FC-1686-4A49-B16A-1F50A74F48C3}.Release|x64.Build.0 = Release|x64
		{B89665FC-1686-4A49-B16A-1F50A74F48C3}.Release|x86.ActiveCfg = Release|Win32
		{B89665FC-1686-4A49-B16A-1F50A74F48C3}.Release|x86.Build.0 = Release|Win32
	EndGlobalSection
	GlobalSection(SolutionProperties) = preSolution
		HideSolutionNode = FALSE
	EndGlobalSection
	GlobalSection(ExtensibilityGlobals) = postSolution
		SolutionGuid = {8DCC982E-AE43-4C4F-81CA-D60A97083F97}
	EndGlobalSection
EndGlobal
