<?xml version="1.0" encoding="utf-8"?>
<Project ToolsVersion="4.0" xmlns="http://schemas.microsoft.com/developer/msbuild/2003">
  <ItemGroup>
    <Filter Include="Source Files">
      <UniqueIdentifier>{4FC737F1-C7A5-4376-A066-2A32D752A2FF}</UniqueIdentifier>
      <Extensions>cpp;c;cc;cxx;c++;cppm;ixx;def;odl;idl;hpj;bat;asm;asmx</Extensions>
    </Filter>
    <Filter Include="Header Files">
      <UniqueIdentifier>{93995380-89BD-4b04-88EB-625FBE52EBFB}</UniqueIdentifier>
      <Extensions>h;hh;hpp;hxx;h++;hm;inl;inc;ipp;xsd</Extensions>
    </Filter>
    <Filter Include="Resource Files">
      <UniqueIdentifier>{67DA6AB6-F800-4c08-8B7A-83BB121AAD01}</UniqueIdentifier>
      <Extensions>rc;ico;cur;bmp;dlg;rc2;rct;bin;rgs;gif;jpg;jpeg;jpe;resx;tiff;tif;png;wav;mfcribbon-ms</Extensions>
    </Filter>
    <Filter Include="Resource Files\parallel_hashmap">
      <UniqueIdentifier>{6e2bfc45-3633-49fa-8287-95031f3cbf75}</UniqueIdentifier>
    </Filter>
  </ItemGroup>
  <ItemGroup>
    <ClInclude Include="cx_helper_functions.h">
      <Filter>Header Files</Filter>
    </ClInclude>
    <ClInclude Include="Log.h">
      <Filter>Header Files</Filter>
    </ClInclude>
    <ClInclude Include="Precision_totalizer.h">
      <Filter>Header Files</Filter>
    </ClInclude>
    <ClInclude Include="Random.h">
      <Filter>Header Files</Filter>
    </ClInclude>
    <ClInclude Include="Stopwatch.h">
      <Filter>Header Files</Filter>
    </ClInclude>
    <ClInclude Include="parallel_hashmap\btree.h">
      <Filter>Resource Files\parallel_hashmap</Filter>
    </ClInclude>
    <ClInclude Include="parallel_hashmap\meminfo.h">
      <Filter>Resource Files\parallel_hashmap</Filter>
    </ClInclude>
    <ClInclude Include="parallel_hashmap\phmap.h">
      <Filter>Resource Files\parallel_hashmap</Filter>
    </ClInclude>
    <ClInclude Include="parallel_hashmap\phmap_base.h">
      <Filter>Resource Files\parallel_hashmap</Filter>
    </ClInclude>
    <ClInclude Include="parallel_hashmap\phmap_bits.h">
      <Filter>Resource Files\parallel_hashmap</Filter>
    </ClInclude>
    <ClInclude Include="parallel_hashmap\phmap_config.h">
      <Filter>Resource Files\parallel_hashmap</Filter>
    </ClInclude>
    <ClInclude Include="parallel_hashmap\phmap_dump.h">
      <Filter>Resource Files\parallel_hashmap</Filter>
    </ClInclude>
    <ClInclude Include="parallel_hashmap\phmap_fwd_decl.h">
      <Filter>Resource Files\parallel_hashmap</Filter>
    </ClInclude>
    <ClInclude Include="parallel_hashmap\phmap_utils.h">
      <Filter>Resource Files\parallel_hashmap</Filter>
    </ClInclude>
  </ItemGroup>
  <ItemGroup>
    <ClCompile Include="utility_main.cpp">
      <Filter>Source Files</Filter>
    </ClCompile>
  </ItemGroup>
  <ItemGroup>
    <None Include="parallel_hashmap\conanfile.py">
      <Filter>Resource Files\parallel_hashmap</Filter>
    </None>
  </ItemGroup>
</Project>